
Microsoft Visual Studio Solution File, Format Version 12.00
Project("{FAE04EC0-301F-11D3-BF4B-00C04F79EFBC}") = "BitfinexConnector", "BitfinexConnector\BitfinexConnector.csproj", "{B50F0452-14B2-43A9-B4C0-DDFADF9E4FC8}"
EndProject
Global
	GlobalSection(SolutionConfigurationPlatforms) = preSolution
		Debug|Any CPU = Debug|Any CPU
		Release|Any CPU = Release|Any CPU
	EndGlobalSection
	GlobalSection(ProjectConfigurationPlatforms) = postSolution
		{B50F0452-14B2-43A9-B4C0-DDFADF9E4FC8}.Debug|Any CPU.ActiveCfg = Debug|Any CPU
		{B50F0452-14B2-43A9-B4C0-DDFADF9E4FC8}.Debug|Any CPU.Build.0 = Debug|Any CPU
		{B50F0452-14B2-43A9-B4C0-DDFADF9E4FC8}.Release|Any CPU.ActiveCfg = Release|Any CPU
		{B50F0452-14B2-43A9-B4C0-DDFADF9E4FC8}.Release|Any CPU.Build.0 = Release|Any CPU
	EndGlobalSection
EndGlobal
