
Microsoft Visual Studio Solution File, Format Version 12.00
Project("{FAE04EC0-301F-11D3-BF4B-00C04F79EFBC}") = "BitfinexConnector", "BitfinexConnector\BitfinexConnector.csproj", "{B50F0452-14B2-43A9-B4C0-DDFADF9E4FC8}"
EndProject
Project("{2150E333-8FDC-42A3-9474-1A3956D46DE8}") = "src", "src", "{7B9C0821-853C-4D8D-A053-A1DF7893B880}"
EndProject
Project("{2150E333-8FDC-42A3-9474-1A3956D46DE8}") = "Tests", "Tests", "{7546732E-60A4-4BC6-BA39-960FEFFF7BE1}"
EndProject
Project("{2150E333-8FDC-42A3-9474-1A3956D46DE8}") = "Core", "Core", "{898BBA18-0198-40D3-89C8-875F82CBB792}"
EndProject
Project("{2150E333-8FDC-42A3-9474-1A3956D46DE8}") = "Infrastructure", "Infrastructure", "{47A1F512-CBCA-4C18-80D7-5DFC3BD7F759}"
EndProject
Project("{2150E333-8FDC-42A3-9474-1A3956D46DE8}") = "WebApi", "WebApi", "{EC6794EB-5E3F-4435-908C-7548F9595270}"
EndProject
Project("{FAE04EC0-301F-11D3-BF4B-00C04F79EFBC}") = "BitfinexConnector.Infrastructure", "BitfinexConnector.Infrastructure\BitfinexConnector.Infrastructure.csproj", "{A8C7EBB7-BE74-49EE-9A49-17A49D2F3B28}"
EndProject
Project("{FAE04EC0-301F-11D3-BF4B-00C04F79EFBC}") = "BitfinexConnector.Core", "BitfinexConnector.Core\BitfinexConnector.Core.csproj", "{EDD122B9-DB05-41FA-88B7-59F8BBFECC54}"
EndProject
Project("{FAE04EC0-301F-11D3-BF4B-00C04F79EFBC}") = "Tests.xUnit", "Tests.xUnit\Tests.xUnit.csproj", "{9440CBD6-CC71-49DD-8611-60FB06366C77}"
EndProject
Project("{2150E333-8FDC-42A3-9474-1A3956D46DE8}") = "UI", "UI", "{80C8F137-59DC-43D7-B618-A96665BCD4A0}"
EndProject
Project("{FAE04EC0-301F-11D3-BF4B-00C04F79EFBC}") = "BlazorUI", "BlazorUI\BlazorUI.csproj", "{71763384-3FC4-47F7-A6B2-F6CCBA68ACFE}"
EndProject
Global
	GlobalSection(SolutionConfigurationPlatforms) = preSolution
		Debug|Any CPU = Debug|Any CPU
		Release|Any CPU = Release|Any CPU
	EndGlobalSection
	GlobalSection(ProjectConfigurationPlatforms) = postSolution
		{B50F0452-14B2-43A9-B4C0-DDFADF9E4FC8}.Debug|Any CPU.ActiveCfg = Debug|Any CPU
		{B50F0452-14B2-43A9-B4C0-DDFADF9E4FC8}.Debug|Any CPU.Build.0 = Debug|Any CPU
		{B50F0452-14B2-43A9-B4C0-DDFADF9E4FC8}.Release|Any CPU.ActiveCfg = Release|Any CPU
		{B50F0452-14B2-43A9-B4C0-DDFADF9E4FC8}.Release|Any CPU.Build.0 = Release|Any CPU
		{A8C7EBB7-BE74-49EE-9A49-17A49D2F3B28}.Debug|Any CPU.ActiveCfg = Debug|Any CPU
		{A8C7EBB7-BE74-49EE-9A49-17A49D2F3B28}.Debug|Any CPU.Build.0 = Debug|Any CPU
		{A8C7EBB7-BE74-49EE-9A49-17A49D2F3B28}.Release|Any CPU.ActiveCfg = Release|Any CPU
		{A8C7EBB7-BE74-49EE-9A49-17A49D2F3B28}.Release|Any CPU.Build.0 = Release|Any CPU
		{EDD122B9-DB05-41FA-88B7-59F8BBFECC54}.Debug|Any CPU.ActiveCfg = Debug|Any CPU
		{EDD122B9-DB05-41FA-88B7-59F8BBFECC54}.Debug|Any CPU.Build.0 = Debug|Any CPU
		{EDD122B9-DB05-41FA-88B7-59F8BBFECC54}.Release|Any CPU.ActiveCfg = Release|Any CPU
		{EDD122B9-DB05-41FA-88B7-59F8BBFECC54}.Release|Any CPU.Build.0 = Release|Any CPU
		{9440CBD6-CC71-49DD-8611-60FB06366C77}.Debug|Any CPU.ActiveCfg = Debug|Any CPU
		{9440CBD6-CC71-49DD-8611-60FB06366C77}.Debug|Any CPU.Build.0 = Debug|Any CPU
		{9440CBD6-CC71-49DD-8611-60FB06366C77}.Release|Any CPU.ActiveCfg = Release|Any CPU
		{9440CBD6-CC71-49DD-8611-60FB06366C77}.Release|Any CPU.Build.0 = Release|Any CPU
		{71763384-3FC4-47F7-A6B2-F6CCBA68ACFE}.Debug|Any CPU.ActiveCfg = Debug|Any CPU
		{71763384-3FC4-47F7-A6B2-F6CCBA68ACFE}.Debug|Any CPU.Build.0 = Debug|Any CPU
		{71763384-3FC4-47F7-A6B2-F6CCBA68ACFE}.Release|Any CPU.ActiveCfg = Release|Any CPU
		{71763384-3FC4-47F7-A6B2-F6CCBA68ACFE}.Release|Any CPU.Build.0 = Release|Any CPU
	EndGlobalSection
	GlobalSection(NestedProjects) = preSolution
		{898BBA18-0198-40D3-89C8-875F82CBB792} = {7B9C0821-853C-4D8D-A053-A1DF7893B880}
		{47A1F512-CBCA-4C18-80D7-5DFC3BD7F759} = {7B9C0821-853C-4D8D-A053-A1DF7893B880}
		{EC6794EB-5E3F-4435-908C-7548F9595270} = {7B9C0821-853C-4D8D-A053-A1DF7893B880}
		{B50F0452-14B2-43A9-B4C0-DDFADF9E4FC8} = {EC6794EB-5E3F-4435-908C-7548F9595270}
		{A8C7EBB7-BE74-49EE-9A49-17A49D2F3B28} = {47A1F512-CBCA-4C18-80D7-5DFC3BD7F759}
		{EDD122B9-DB05-41FA-88B7-59F8BBFECC54} = {898BBA18-0198-40D3-89C8-875F82CBB792}
		{9440CBD6-CC71-49DD-8611-60FB06366C77} = {7546732E-60A4-4BC6-BA39-960FEFFF7BE1}
		{80C8F137-59DC-43D7-B618-A96665BCD4A0} = {7B9C0821-853C-4D8D-A053-A1DF7893B880}
		{71763384-3FC4-47F7-A6B2-F6CCBA68ACFE} = {80C8F137-59DC-43D7-B618-A96665BCD4A0}
	EndGlobalSection
EndGlobal
